
Microsoft Visual Studio Solution File, Format Version 12.00
# Visual Studio Version 17
VisualStudioVersion = 17.9.34723.18
MinimumVisualStudioVersion = 10.0.40219.1
Project("{FAE04EC0-301F-11D3-BF4B-00C04F79EFBC}") = "TRABAJO PRACTICO FINAL", "TRABAJO PRACTICO FINAL\TRABAJO PRACTICO FINAL.csproj", "{58B8EE5A-7969-4ED3-8205-AD1CA0456E06}"
EndProject
Global
	GlobalSection(SolutionConfigurationPlatforms) = preSolution
		Debug|Any CPU = Debug|Any CPU
		Release|Any CPU = Release|Any CPU
	EndGlobalSection
	GlobalSection(ProjectConfigurationPlatforms) = postSolution
		{58B8EE5A-7969-4ED3-8205-AD1CA0456E06}.Debug|Any CPU.ActiveCfg = Debug|Any CPU
		{58B8EE5A-7969-4ED3-8205-AD1CA0456E06}.Debug|Any CPU.Build.0 = Debug|Any CPU
		{58B8EE5A-7969-4ED3-8205-AD1CA0456E06}.Release|Any CPU.ActiveCfg = Release|Any CPU
		{58B8EE5A-7969-4ED3-8205-AD1CA0456E06}.Release|Any CPU.Build.0 = Release|Any CPU
	EndGlobalSection
	GlobalSection(SolutionProperties) = preSolution
		HideSolutionNode = FALSE
	EndGlobalSection
	GlobalSection(ExtensibilityGlobals) = postSolution
		SolutionGuid = {7B42DCEA-F52E-482D-A101-0A79E8CE4E33}
	EndGlobalSection
EndGlobal
